// !$*UTF8*$!
{
	archiveVersion = 1;
	classes = {
	};
	objectVersion = 77;
	objects = {

/* Begin PBXBuildFile section */
		275915892F132A9200D0E60D /* Lottie in Frameworks */ = {isa = PBXBuildFile; productRef = 27AE10B12F10B1FC00E00DBC /* Lottie */; };
		275915902F132B0000D0E60D /* Sparkle in Frameworks */ = {isa = PBXBuildFile; productRef = 27AE10B22F10B20000E00DBC /* Sparkle */; };
/* End PBXBuildFile section */

/* Begin PBXContainerItemProxy section */
		27A21B4A2F0F69DD0018C4F3 /* PBXContainerItemProxy */ = {
			isa = PBXContainerItemProxy;
			containerPortal = 27A21B342F0F69DC0018C4F3 /* Project object */;
			proxyType = 1;
			remoteGlobalIDString = 27A21B3B2F0F69DC0018C4F3;
			remoteInfo = Gaze;
		};
		27A21B542F0F69DD0018C4F3 /* PBXContainerItemProxy */ = {
			isa = PBXContainerItemProxy;
			containerPortal = 27A21B342F0F69DC0018C4F3 /* Project object */;
			proxyType = 1;
			remoteGlobalIDString = 27A21B3B2F0F69DC0018C4F3;
			remoteInfo = Gaze;
		};
/* End PBXContainerItemProxy section */

/* Begin PBXFileReference section */
		27A21B3C2F0F69DC0018C4F3 /* Gaze.app */ = {isa = PBXFileReference; explicitFileType = wrapper.application; includeInIndex = 0; path = Gaze.app; sourceTree = BUILT_PRODUCTS_DIR; };
		27A21B492F0F69DD0018C4F3 /* GazeTests.xctest */ = {isa = PBXFileReference; explicitFileType = wrapper.cfbundle; includeInIndex = 0; path = GazeTests.xctest; sourceTree = BUILT_PRODUCTS_DIR; };
		27A21B532F0F69DD0018C4F3 /* GazeUITests.xctest */ = {isa = PBXFileReference; explicitFileType = wrapper.cfbundle; includeInIndex = 0; path = GazeUITests.xctest; sourceTree = BUILT_PRODUCTS_DIR; };
/* End PBXFileReference section */

/* Begin PBXFileSystemSynchronizedBuildFileExceptionSet section */
		270D22E92F1474F1008BCE42 /* Exceptions for "Gaze" folder in "Gaze" target */ = {
			isa = PBXFileSystemSynchronizedBuildFileExceptionSet;
			membershipExceptions = (
				Info.plist,
			);
			target = 27A21B3B2F0F69DC0018C4F3 /* Gaze */;
		};
/* End PBXFileSystemSynchronizedBuildFileExceptionSet section */

/* Begin PBXFileSystemSynchronizedRootGroup section */
		27A21B3E2F0F69DC0018C4F3 /* Gaze */ = {
			isa = PBXFileSystemSynchronizedRootGroup;
			exceptions = (
				270D22E92F1474F1008BCE42 /* Exceptions for "Gaze" folder in "Gaze" target */,
			);
			path = Gaze;
			sourceTree = "<group>";
		};
		27A21B4C2F0F69DD0018C4F3 /* GazeTests */ = {
			isa = PBXFileSystemSynchronizedRootGroup;
			path = GazeTests;
			sourceTree = "<group>";
		};
		27A21B562F0F69DD0018C4F3 /* GazeUITests */ = {
			isa = PBXFileSystemSynchronizedRootGroup;
			path = GazeUITests;
			sourceTree = "<group>";
		};
/* End PBXFileSystemSynchronizedRootGroup section */

/* Begin PBXFrameworksBuildPhase section */
		27A21B392F0F69DC0018C4F3 /* Frameworks */ = {
			isa = PBXFrameworksBuildPhase;
			buildActionMask = 2147483647;
			files = (
				275915892F132A9200D0E60D /* Lottie in Frameworks */,
				275915902F132B0000D0E60D /* Sparkle in Frameworks */,
			);
			runOnlyForDeploymentPostprocessing = 0;
		};
		27A21B462F0F69DD0018C4F3 /* Frameworks */ = {
			isa = PBXFrameworksBuildPhase;
			buildActionMask = 2147483647;
			files = (
			);
			runOnlyForDeploymentPostprocessing = 0;
		};
		27A21B502F0F69DD0018C4F3 /* Frameworks */ = {
			isa = PBXFrameworksBuildPhase;
			buildActionMask = 2147483647;
			files = (
			);
			runOnlyForDeploymentPostprocessing = 0;
		};
/* End PBXFrameworksBuildPhase section */

/* Begin PBXGroup section */
		27A21B332F0F69DC0018C4F3 = {
			isa = PBXGroup;
			children = (
				27A21B3E2F0F69DC0018C4F3 /* Gaze */,
				27A21B4C2F0F69DD0018C4F3 /* GazeTests */,
				27A21B562F0F69DD0018C4F3 /* GazeUITests */,
				27A21B3D2F0F69DC0018C4F3 /* Products */,
			);
			sourceTree = "<group>";
		};
		27A21B3D2F0F69DC0018C4F3 /* Products */ = {
			isa = PBXGroup;
			children = (
				27A21B3C2F0F69DC0018C4F3 /* Gaze.app */,
				27A21B492F0F69DD0018C4F3 /* GazeTests.xctest */,
				27A21B532F0F69DD0018C4F3 /* GazeUITests.xctest */,
			);
			name = Products;
			sourceTree = "<group>";
		};
/* End PBXGroup section */

/* Begin PBXNativeTarget section */
		27A21B3B2F0F69DC0018C4F3 /* Gaze */ = {
			isa = PBXNativeTarget;
			buildConfigurationList = 27A21B5D2F0F69DD0018C4F3 /* Build configuration list for PBXNativeTarget "Gaze" */;
			buildPhases = (
				27A21B382F0F69DC0018C4F3 /* Sources */,
				27A21B392F0F69DC0018C4F3 /* Frameworks */,
				27A21B3A2F0F69DC0018C4F3 /* Resources */,
			);
			buildRules = (
			);
			dependencies = (
			);
			fileSystemSynchronizedGroups = (
				27A21B3E2F0F69DC0018C4F3 /* Gaze */,
			);
			name = Gaze;
			packageProductDependencies = (
				27AE10B12F10B1FC00E00DBC /* Lottie */,
				27AE10B22F10B20000E00DBC /* Sparkle */,
			);
			productName = Gaze;
			productReference = 27A21B3C2F0F69DC0018C4F3 /* Gaze.app */;
			productType = "com.apple.product-type.application";
		};
		27A21B482F0F69DD0018C4F3 /* GazeTests */ = {
			isa = PBXNativeTarget;
			buildConfigurationList = 27A21B602F0F69DD0018C4F3 /* Build configuration list for PBXNativeTarget "GazeTests" */;
			buildPhases = (
				27A21B452F0F69DD0018C4F3 /* Sources */,
				27A21B462F0F69DD0018C4F3 /* Frameworks */,
				27A21B472F0F69DD0018C4F3 /* Resources */,
			);
			buildRules = (
			);
			dependencies = (
				27A21B4B2F0F69DD0018C4F3 /* PBXTargetDependency */,
			);
			fileSystemSynchronizedGroups = (
				27A21B4C2F0F69DD0018C4F3 /* GazeTests */,
			);
			name = GazeTests;
			packageProductDependencies = (
			);
			productName = GazeTests;
			productReference = 27A21B492F0F69DD0018C4F3 /* GazeTests.xctest */;
			productType = "com.apple.product-type.bundle.unit-test";
		};
		27A21B522F0F69DD0018C4F3 /* GazeUITests */ = {
			isa = PBXNativeTarget;
			buildConfigurationList = 27A21B632F0F69DD0018C4F3 /* Build configuration list for PBXNativeTarget "GazeUITests" */;
			buildPhases = (
				27A21B4F2F0F69DD0018C4F3 /* Sources */,
				27A21B502F0F69DD0018C4F3 /* Frameworks */,
				27A21B512F0F69DD0018C4F3 /* Resources */,
			);
			buildRules = (
			);
			dependencies = (
				27A21B552F0F69DD0018C4F3 /* PBXTargetDependency */,
			);
			fileSystemSynchronizedGroups = (
				27A21B562F0F69DD0018C4F3 /* GazeUITests */,
			);
			name = GazeUITests;
			packageProductDependencies = (
			);
			productName = GazeUITests;
			productReference = 27A21B532F0F69DD0018C4F3 /* GazeUITests.xctest */;
			productType = "com.apple.product-type.bundle.ui-testing";
		};
/* End PBXNativeTarget section */

/* Begin PBXProject section */
		27A21B342F0F69DC0018C4F3 /* Project object */ = {
			isa = PBXProject;
			attributes = {
				BuildIndependentTargetsInParallel = 1;
				LastSwiftUpdateCheck = 2620;
				LastUpgradeCheck = 2620;
				TargetAttributes = {
					27A21B3B2F0F69DC0018C4F3 = {
						CreatedOnToolsVersion = 26.2;
					};
					27A21B482F0F69DD0018C4F3 = {
						CreatedOnToolsVersion = 26.2;
						TestTargetID = 27A21B3B2F0F69DC0018C4F3;
					};
					27A21B522F0F69DD0018C4F3 = {
						CreatedOnToolsVersion = 26.2;
						TestTargetID = 27A21B3B2F0F69DC0018C4F3;
					};
				};
			};
			buildConfigurationList = 27A21B372F0F69DC0018C4F3 /* Build configuration list for PBXProject "Gaze" */;
			developmentRegion = en;
			hasScannedForEncodings = 0;
			knownRegions = (
				en,
				Base,
			);
			mainGroup = 27A21B332F0F69DC0018C4F3;
			minimizedProjectReferenceProxies = 1;
			packageReferences = (
				27AE10B02F10B1FC00E00DBC /* XCRemoteSwiftPackageReference "lottie-spm" */,
				27AE10B32F10B21000E00DBC /* XCRemoteSwiftPackageReference "Sparkle" */,
			);
			preferredProjectObjectVersion = 77;
			productRefGroup = 27A21B3D2F0F69DC0018C4F3 /* Products */;
			projectDirPath = "";
			projectRoot = "";
			targets = (
				27A21B3B2F0F69DC0018C4F3 /* Gaze */,
				27A21B482F0F69DD0018C4F3 /* GazeTests */,
				27A21B522F0F69DD0018C4F3 /* GazeUITests */,
			);
		};
/* End PBXProject section */

/* Begin PBXResourcesBuildPhase section */
		27A21B3A2F0F69DC0018C4F3 /* Resources */ = {
			isa = PBXResourcesBuildPhase;
			buildActionMask = 2147483647;
			files = (
			);
			runOnlyForDeploymentPostprocessing = 0;
		};
		27A21B472F0F69DD0018C4F3 /* Resources */ = {
			isa = PBXResourcesBuildPhase;
			buildActionMask = 2147483647;
			files = (
			);
			runOnlyForDeploymentPostprocessing = 0;
		};
		27A21B512F0F69DD0018C4F3 /* Resources */ = {
			isa = PBXResourcesBuildPhase;
			buildActionMask = 2147483647;
			files = (
			);
			runOnlyForDeploymentPostprocessing = 0;
		};
/* End PBXResourcesBuildPhase section */

/* Begin PBXSourcesBuildPhase section */
		27A21B382F0F69DC0018C4F3 /* Sources */ = {
			isa = PBXSourcesBuildPhase;
			buildActionMask = 2147483647;
			files = (
			);
			runOnlyForDeploymentPostprocessing = 0;
		};
		27A21B452F0F69DD0018C4F3 /* Sources */ = {
			isa = PBXSourcesBuildPhase;
			buildActionMask = 2147483647;
			files = (
			);
			runOnlyForDeploymentPostprocessing = 0;
		};
		27A21B4F2F0F69DD0018C4F3 /* Sources */ = {
			isa = PBXSourcesBuildPhase;
			buildActionMask = 2147483647;
			files = (
			);
			runOnlyForDeploymentPostprocessing = 0;
		};
/* End PBXSourcesBuildPhase section */

/* Begin PBXTargetDependency section */
		27A21B4B2F0F69DD0018C4F3 /* PBXTargetDependency */ = {
			isa = PBXTargetDependency;
			target = 27A21B3B2F0F69DC0018C4F3 /* Gaze */;
			targetProxy = 27A21B4A2F0F69DD0018C4F3 /* PBXContainerItemProxy */;
		};
		27A21B552F0F69DD0018C4F3 /* PBXTargetDependency */ = {
			isa = PBXTargetDependency;
			target = 27A21B3B2F0F69DC0018C4F3 /* Gaze */;
			targetProxy = 27A21B542F0F69DD0018C4F3 /* PBXContainerItemProxy */;
		};
/* End PBXTargetDependency section */

/* Begin XCBuildConfiguration section */
		27A21B5B2F0F69DD0018C4F3 /* Debug */ = {
			isa = XCBuildConfiguration;
			buildSettings = {
				ALWAYS_SEARCH_USER_PATHS = NO;
				ASSETCATALOG_COMPILER_GENERATE_SWIFT_ASSET_SYMBOL_EXTENSIONS = YES;
				CLANG_ANALYZER_NONNULL = YES;
				CLANG_ANALYZER_NUMBER_OBJECT_CONVERSION = YES_AGGRESSIVE;
				CLANG_CXX_LANGUAGE_STANDARD = "gnu++20";
				CLANG_ENABLE_MODULES = YES;
				CLANG_ENABLE_OBJC_ARC = YES;
				CLANG_ENABLE_OBJC_WEAK = YES;
				CLANG_WARN_BLOCK_CAPTURE_AUTORELEASING = YES;
				CLANG_WARN_BOOL_CONVERSION = YES;
				CLANG_WARN_COMMA = YES;
				CLANG_WARN_CONSTANT_CONVERSION = YES;
				CLANG_WARN_DEPRECATED_OBJC_IMPLEMENTATIONS = YES;
				CLANG_WARN_DIRECT_OBJC_ISA_USAGE = YES_ERROR;
				CLANG_WARN_DOCUMENTATION_COMMENTS = YES;
				CLANG_WARN_EMPTY_BODY = YES;
				CLANG_WARN_ENUM_CONVERSION = YES;
				CLANG_WARN_INFINITE_RECURSION = YES;
				CLANG_WARN_INT_CONVERSION = YES;
				CLANG_WARN_NON_LITERAL_NULL_CONVERSION = YES;
				CLANG_WARN_OBJC_IMPLICIT_RETAIN_SELF = YES;
				CLANG_WARN_OBJC_LITERAL_CONVERSION = YES;
				CLANG_WARN_OBJC_ROOT_CLASS = YES_ERROR;
				CLANG_WARN_QUOTED_INCLUDE_IN_FRAMEWORK_HEADER = YES;
				CLANG_WARN_RANGE_LOOP_ANALYSIS = YES;
				CLANG_WARN_STRICT_PROTOTYPES = YES;
				CLANG_WARN_SUSPICIOUS_MOVE = YES;
				CLANG_WARN_UNGUARDED_AVAILABILITY = YES_AGGRESSIVE;
				CLANG_WARN_UNREACHABLE_CODE = YES;
				CLANG_WARN__DUPLICATE_METHOD_MATCH = YES;
				COPY_PHASE_STRIP = NO;
				DEBUG_INFORMATION_FORMAT = dwarf;
				DEVELOPMENT_TEAM = 6GK4F9L62V;
				ENABLE_STRICT_OBJC_MSGSEND = YES;
				ENABLE_TESTABILITY = YES;
				ENABLE_USER_SCRIPT_SANDBOXING = YES;
				GCC_C_LANGUAGE_STANDARD = gnu17;
				GCC_DYNAMIC_NO_PIC = NO;
				GCC_NO_COMMON_BLOCKS = YES;
				GCC_OPTIMIZATION_LEVEL = 0;
				GCC_PREPROCESSOR_DEFINITIONS = (
					"DEBUG=1",
					"$(inherited)",
				);
				GCC_WARN_64_TO_32_BIT_CONVERSION = YES;
				GCC_WARN_ABOUT_RETURN_TYPE = YES_ERROR;
				GCC_WARN_UNDECLARED_SELECTOR = YES;
				GCC_WARN_UNINITIALIZED_AUTOS = YES_AGGRESSIVE;
				GCC_WARN_UNUSED_FUNCTION = YES;
				GCC_WARN_UNUSED_VARIABLE = YES;
				LOCALIZATION_PREFERS_STRING_CATALOGS = YES;
				MACOSX_DEPLOYMENT_TARGET = 26.2;
				MTL_ENABLE_DEBUG_INFO = INCLUDE_SOURCE;
				MTL_FAST_MATH = YES;
				ONLY_ACTIVE_ARCH = YES;
				SDKROOT = macosx;
				SWIFT_ACTIVE_COMPILATION_CONDITIONS = "DEBUG $(inherited)";
				SWIFT_OPTIMIZATION_LEVEL = "-Onone";
			};
			name = Debug;
		};
		27A21B5C2F0F69DD0018C4F3 /* Release */ = {
			isa = XCBuildConfiguration;
			buildSettings = {
				ALWAYS_SEARCH_USER_PATHS = NO;
				ASSETCATALOG_COMPILER_GENERATE_SWIFT_ASSET_SYMBOL_EXTENSIONS = YES;
				CLANG_ANALYZER_NONNULL = YES;
				CLANG_ANALYZER_NUMBER_OBJECT_CONVERSION = YES_AGGRESSIVE;
				CLANG_CXX_LANGUAGE_STANDARD = "gnu++20";
				CLANG_ENABLE_MODULES = YES;
				CLANG_ENABLE_OBJC_ARC = YES;
				CLANG_ENABLE_OBJC_WEAK = YES;
				CLANG_WARN_BLOCK_CAPTURE_AUTORELEASING = YES;
				CLANG_WARN_BOOL_CONVERSION = YES;
				CLANG_WARN_COMMA = YES;
				CLANG_WARN_CONSTANT_CONVERSION = YES;
				CLANG_WARN_DEPRECATED_OBJC_IMPLEMENTATIONS = YES;
				CLANG_WARN_DIRECT_OBJC_ISA_USAGE = YES_ERROR;
				CLANG_WARN_DOCUMENTATION_COMMENTS = YES;
				CLANG_WARN_EMPTY_BODY = YES;
				CLANG_WARN_ENUM_CONVERSION = YES;
				CLANG_WARN_INFINITE_RECURSION = YES;
				CLANG_WARN_INT_CONVERSION = YES;
				CLANG_WARN_NON_LITERAL_NULL_CONVERSION = YES;
				CLANG_WARN_OBJC_IMPLICIT_RETAIN_SELF = YES;
				CLANG_WARN_OBJC_LITERAL_CONVERSION = YES;
				CLANG_WARN_OBJC_ROOT_CLASS = YES_ERROR;
				CLANG_WARN_QUOTED_INCLUDE_IN_FRAMEWORK_HEADER = YES;
				CLANG_WARN_RANGE_LOOP_ANALYSIS = YES;
				CLANG_WARN_STRICT_PROTOTYPES = YES;
				CLANG_WARN_SUSPICIOUS_MOVE = YES;
				CLANG_WARN_UNGUARDED_AVAILABILITY = YES_AGGRESSIVE;
				CLANG_WARN_UNREACHABLE_CODE = YES;
				CLANG_WARN__DUPLICATE_METHOD_MATCH = YES;
				COPY_PHASE_STRIP = NO;
				DEBUG_INFORMATION_FORMAT = "dwarf-with-dsym";
				DEVELOPMENT_TEAM = 6GK4F9L62V;
				ENABLE_NS_ASSERTIONS = NO;
				ENABLE_STRICT_OBJC_MSGSEND = YES;
				ENABLE_USER_SCRIPT_SANDBOXING = YES;
				GCC_C_LANGUAGE_STANDARD = gnu17;
				GCC_NO_COMMON_BLOCKS = YES;
				GCC_WARN_64_TO_32_BIT_CONVERSION = YES;
				GCC_WARN_ABOUT_RETURN_TYPE = YES_ERROR;
				GCC_WARN_UNDECLARED_SELECTOR = YES;
				GCC_WARN_UNINITIALIZED_AUTOS = YES_AGGRESSIVE;
				GCC_WARN_UNUSED_FUNCTION = YES;
				GCC_WARN_UNUSED_VARIABLE = YES;
				LOCALIZATION_PREFERS_STRING_CATALOGS = YES;
				MACOSX_DEPLOYMENT_TARGET = 26.2;
				MTL_ENABLE_DEBUG_INFO = NO;
				MTL_FAST_MATH = YES;
				SDKROOT = macosx;
				SWIFT_COMPILATION_MODE = wholemodule;
			};
			name = Release;
		};
		27A21B5E2F0F69DD0018C4F3 /* Debug */ = {
			isa = XCBuildConfiguration;
			buildSettings = {
				ASSETCATALOG_COMPILER_APPICON_NAME = Gaze;
				ASSETCATALOG_COMPILER_GLOBAL_ACCENT_COLOR_NAME = AccentColor;
				ASSETCATALOG_COMPILER_INCLUDE_ALL_APPICON_ASSETS = NO;
				CODE_SIGN_ENTITLEMENTS = Gaze/Gaze.entitlements;
				CODE_SIGN_STYLE = Automatic;
				COMBINE_HIDPI_IMAGES = YES;
				CURRENT_PROJECT_VERSION = 2;
				DEVELOPMENT_TEAM = 6GK4F9L62V;
				ENABLE_APP_SANDBOX = YES;
				ENABLE_HARDENED_RUNTIME = YES;
				ENABLE_PREVIEWS = YES;
				GENERATE_INFOPLIST_FILE = NO;
				INFOPLIST_FILE = Gaze/Info.plist;
				INFOPLIST_KEY_LSApplicationCategoryType = "public.app-category.productivity";
				INFOPLIST_KEY_NSHumanReadableCopyright = "";
				LD_RUNPATH_SEARCH_PATHS = (
					"$(inherited)",
					"@executable_path/../Frameworks",
				);
				MACOSX_DEPLOYMENT_TARGET = 14.6;
				MARKETING_VERSION = 0.2.1;
				PRODUCT_BUNDLE_IDENTIFIER = com.mikefreno.Gaze;
				PRODUCT_NAME = "$(TARGET_NAME)";
				REGISTER_APP_GROUPS = YES;
				STRING_CATALOG_GENERATE_SYMBOLS = YES;
				SWIFT_APPROACHABLE_CONCURRENCY = YES;
				SWIFT_DEFAULT_ACTOR_ISOLATION = MainActor;
				SWIFT_EMIT_LOC_STRINGS = YES;
				SWIFT_UPCOMING_FEATURE_MEMBER_IMPORT_VISIBILITY = YES;
				SWIFT_VERSION = 5.0;
			};
			name = Debug;
		};
		27A21B5F2F0F69DD0018C4F3 /* Release */ = {
			isa = XCBuildConfiguration;
			buildSettings = {
				ASSETCATALOG_COMPILER_APPICON_NAME = Gaze;
				ASSETCATALOG_COMPILER_GLOBAL_ACCENT_COLOR_NAME = AccentColor;
				ASSETCATALOG_COMPILER_INCLUDE_ALL_APPICON_ASSETS = NO;
				CODE_SIGN_ENTITLEMENTS = Gaze/Gaze.entitlements;
				CODE_SIGN_STYLE = Automatic;
				COMBINE_HIDPI_IMAGES = YES;
				CURRENT_PROJECT_VERSION = 2;
				DEVELOPMENT_TEAM = 6GK4F9L62V;
				ENABLE_APP_SANDBOX = YES;
				ENABLE_HARDENED_RUNTIME = YES;
				ENABLE_PREVIEWS = YES;
				GENERATE_INFOPLIST_FILE = NO;
				INFOPLIST_FILE = Gaze/Info.plist;
				INFOPLIST_KEY_LSApplicationCategoryType = "public.app-category.productivity";
				INFOPLIST_KEY_NSHumanReadableCopyright = "";
				LD_RUNPATH_SEARCH_PATHS = (
					"$(inherited)",
					"@executable_path/../Frameworks",
				);
				MACOSX_DEPLOYMENT_TARGET = 14.6;
				MARKETING_VERSION = 0.2.1;
				PRODUCT_BUNDLE_IDENTIFIER = com.mikefreno.Gaze;
				PRODUCT_NAME = "$(TARGET_NAME)";
				REGISTER_APP_GROUPS = YES;
				STRING_CATALOG_GENERATE_SYMBOLS = YES;
				SWIFT_APPROACHABLE_CONCURRENCY = YES;
				SWIFT_DEFAULT_ACTOR_ISOLATION = MainActor;
				SWIFT_EMIT_LOC_STRINGS = YES;
				SWIFT_UPCOMING_FEATURE_MEMBER_IMPORT_VISIBILITY = YES;
				SWIFT_VERSION = 5.0;
			};
			name = Release;
		};
		27A21B612F0F69DD0018C4F3 /* Debug */ = {
			isa = XCBuildConfiguration;
			buildSettings = {
				BUNDLE_LOADER = "$(TEST_HOST)";
				CODE_SIGN_STYLE = Automatic;
				CURRENT_PROJECT_VERSION = 1;
				DEVELOPMENT_TEAM = 6GK4F9L62V;
				GENERATE_INFOPLIST_FILE = YES;
				MACOSX_DEPLOYMENT_TARGET = 26.2;
				MARKETING_VERSION = 1.0;
				PRODUCT_BUNDLE_IDENTIFIER = com.mikefreno.GazeTests;
				PRODUCT_NAME = "$(TARGET_NAME)";
				STRING_CATALOG_GENERATE_SYMBOLS = NO;
				SWIFT_APPROACHABLE_CONCURRENCY = YES;
				SWIFT_EMIT_LOC_STRINGS = NO;
				SWIFT_UPCOMING_FEATURE_MEMBER_IMPORT_VISIBILITY = YES;
				SWIFT_VERSION = 5.0;
				TEST_HOST = "$(BUILT_PRODUCTS_DIR)/Gaze.app/$(BUNDLE_EXECUTABLE_FOLDER_PATH)/Gaze";
			};
			name = Debug;
		};
		27A21B622F0F69DD0018C4F3 /* Release */ = {
			isa = XCBuildConfiguration;
			buildSettings = {
				BUNDLE_LOADER = "$(TEST_HOST)";
				CODE_SIGN_STYLE = Automatic;
				CURRENT_PROJECT_VERSION = 1;
				DEVELOPMENT_TEAM = 6GK4F9L62V;
				GENERATE_INFOPLIST_FILE = YES;
				MACOSX_DEPLOYMENT_TARGET = 26.2;
				MARKETING_VERSION = 1.0;
				PRODUCT_BUNDLE_IDENTIFIER = com.mikefreno.GazeTests;
				PRODUCT_NAME = "$(TARGET_NAME)";
				STRING_CATALOG_GENERATE_SYMBOLS = NO;
				SWIFT_APPROACHABLE_CONCURRENCY = YES;
				SWIFT_EMIT_LOC_STRINGS = NO;
				SWIFT_UPCOMING_FEATURE_MEMBER_IMPORT_VISIBILITY = YES;
				SWIFT_VERSION = 5.0;
				TEST_HOST = "$(BUILT_PRODUCTS_DIR)/Gaze.app/$(BUNDLE_EXECUTABLE_FOLDER_PATH)/Gaze";
			};
			name = Release;
		};
		27A21B642F0F69DD0018C4F3 /* Debug */ = {
			isa = XCBuildConfiguration;
			buildSettings = {
				CODE_SIGN_STYLE = Automatic;
				CURRENT_PROJECT_VERSION = 1;
				DEVELOPMENT_TEAM = 6GK4F9L62V;
				GENERATE_INFOPLIST_FILE = YES;
				MARKETING_VERSION = 1.0;
				PRODUCT_BUNDLE_IDENTIFIER = com.mikefreno.GazeUITests;
				PRODUCT_NAME = "$(TARGET_NAME)";
				STRING_CATALOG_GENERATE_SYMBOLS = NO;
				SWIFT_APPROACHABLE_CONCURRENCY = YES;
				SWIFT_EMIT_LOC_STRINGS = NO;
				SWIFT_UPCOMING_FEATURE_MEMBER_IMPORT_VISIBILITY = YES;
				SWIFT_VERSION = 5.0;
				TEST_TARGET_NAME = Gaze;
			};
			name = Debug;
		};
		27A21B652F0F69DD0018C4F3 /* Release */ = {
			isa = XCBuildConfiguration;
			buildSettings = {
				CODE_SIGN_STYLE = Automatic;
				CURRENT_PROJECT_VERSION = 1;
				DEVELOPMENT_TEAM = 6GK4F9L62V;
				GENERATE_INFOPLIST_FILE = YES;
				MARKETING_VERSION = 1.0;
				PRODUCT_BUNDLE_IDENTIFIER = com.mikefreno.GazeUITests;
				PRODUCT_NAME = "$(TARGET_NAME)";
				STRING_CATALOG_GENERATE_SYMBOLS = NO;
				SWIFT_APPROACHABLE_CONCURRENCY = YES;
				SWIFT_EMIT_LOC_STRINGS = NO;
				SWIFT_UPCOMING_FEATURE_MEMBER_IMPORT_VISIBILITY = YES;
				SWIFT_VERSION = 5.0;
				TEST_TARGET_NAME = Gaze;
			};
			name = Release;
		};
/* End XCBuildConfiguration section */

/* Begin XCConfigurationList section */
		27A21B372F0F69DC0018C4F3 /* Build configuration list for PBXProject "Gaze" */ = {
			isa = XCConfigurationList;
			buildConfigurations = (
				27A21B5B2F0F69DD0018C4F3 /* Debug */,
				27A21B5C2F0F69DD0018C4F3 /* Release */,
			);
			defaultConfigurationIsVisible = 0;
			defaultConfigurationName = Release;
		};
		27A21B5D2F0F69DD0018C4F3 /* Build configuration list for PBXNativeTarget "Gaze" */ = {
			isa = XCConfigurationList;
			buildConfigurations = (
				27A21B5E2F0F69DD0018C4F3 /* Debug */,
				27A21B5F2F0F69DD0018C4F3 /* Release */,
			);
			defaultConfigurationIsVisible = 0;
			defaultConfigurationName = Release;
		};
		27A21B602F0F69DD0018C4F3 /* Build configuration list for PBXNativeTarget "GazeTests" */ = {
			isa = XCConfigurationList;
			buildConfigurations = (
				27A21B612F0F69DD0018C4F3 /* Debug */,
				27A21B622F0F69DD0018C4F3 /* Release */,
			);
			defaultConfigurationIsVisible = 0;
			defaultConfigurationName = Release;
		};
		27A21B632F0F69DD0018C4F3 /* Build configuration list for PBXNativeTarget "GazeUITests" */ = {
			isa = XCConfigurationList;
			buildConfigurations = (
				27A21B642F0F69DD0018C4F3 /* Debug */,
				27A21B652F0F69DD0018C4F3 /* Release */,
			);
			defaultConfigurationIsVisible = 0;
			defaultConfigurationName = Release;
		};
/* End XCConfigurationList section */

/* Begin XCRemoteSwiftPackageReference section */
		27AE10B02F10B1FC00E00DBC /* XCRemoteSwiftPackageReference "lottie-spm" */ = {
			isa = XCRemoteSwiftPackageReference;
			repositoryURL = "https://github.com/airbnb/lottie-spm.git";
			requirement = {
				kind = upToNextMajorVersion;
				minimumVersion = 4.6.0;
			};
		};
		27AE10B32F10B21000E00DBC /* XCRemoteSwiftPackageReference "Sparkle" */ = {
			isa = XCRemoteSwiftPackageReference;
			repositoryURL = "https://github.com/sparkle-project/Sparkle";
			requirement = {
				kind = upToNextMajorVersion;
				minimumVersion = 2.0.0;
			};
		};
/* End XCRemoteSwiftPackageReference section */

/* Begin XCSwiftPackageProductDependency section */
		27AE10B12F10B1FC00E00DBC /* Lottie */ = {
			isa = XCSwiftPackageProductDependency;
			package = 27AE10B02F10B1FC00E00DBC /* XCRemoteSwiftPackageReference "lottie-spm" */;
			productName = Lottie;
		};
		27AE10B22F10B20000E00DBC /* Sparkle */ = {
			isa = XCSwiftPackageProductDependency;
			package = 27AE10B32F10B21000E00DBC /* XCRemoteSwiftPackageReference "Sparkle" */;
			productName = Sparkle;
		};
/* End XCSwiftPackageProductDependency section */
	};
	rootObject = 27A21B342F0F69DC0018C4F3 /* Project object */;
}
