{
  "originHash" : "83c4b4b69555e54712e60721606a120fe3f01308b1af84957cd0941e93e64f8a",
  "pins" : [
    {
      "identity" : "lottie-spm",
      "kind" : "remoteSourceControl",
      "location" : "https://github.com/airbnb/lottie-spm.git",
      "state" : {
        "revision" : "69faaefa7721fba9e434a52c16adf4329c9084db",
        "version" : "4.6.0"
      }
    },
    {
      "identity" : "macrovisionkit",
      "kind" : "remoteSourceControl",
      "location" : "https://github.com/TheBoredTeam/MacroVisionKit.git",
      "state" : {
        "revision" : "da481a6be8d8b1bf7fcb218507a72428bbcae7b0",
        "version" : "0.2.0"
      }
    },
    {
      "identity" : "sparkle",
      "kind" : "remoteSourceControl",
      "location" : "https://github.com/sparkle-project/Sparkle",
      "state" : {
        "revision" : "5581748cef2bae787496fe6d61139aebe0a451f6",
        "version" : "2.8.1"
      }
    }
  ],
  "version" : 3
}
